Microsoft Visual Studio Solution File, Format Version 12.00
# Visual Studio Version 17
VisualStudioVersion = 17.5.2.0
MinimumVisualStudioVersion = 10.0.40219.1
Project("{FAE04EC0-301F-11D3-BF4B-00C04F79EFBC}") = "kk", "kk.csproj", "{8F51A15E-5961-F77D-DE93-BC4D5F8FC518}"
EndProject
Global
	GlobalSection(SolutionConfigurationPlatforms) = preSolution
		Debug|Any CPU = Debug|Any CPU
		Release|Any CPU = Release|Any CPU
	EndGlobalSection
	GlobalSection(ProjectConfigurationPlatforms) = postSolution
		{8F51A15E-5961-F77D-DE93-BC4D5F8FC518}.Debug|Any CPU.ActiveCfg = Debug|Any CPU
		{8F51A15E-5961-F77D-DE93-BC4D5F8FC518}.Debug|Any CPU.Build.0 = Debug|Any CPU
		{8F51A15E-5961-F77D-DE93-BC4D5F8FC518}.Release|Any CPU.ActiveCfg = Release|Any CPU
		{8F51A15E-5961-F77D-DE93-BC4D5F8FC518}.Release|Any CPU.Build.0 = Release|Any CPU
	EndGlobalSection
	GlobalSection(SolutionProperties) = preSolution
		HideSolutionNode = FALSE
	EndGlobalSection
	GlobalSection(ExtensibilityGlobals) = postSolution
		SolutionGuid = {A6C00D05-3700-4805-ADFF-46EC8EB3C481}
	EndGlobalSection
EndGlobal
